<?xml version="1.0" encoding="utf-8"?>
<Project ToolsVersion="4.0" xmlns="http://schemas.microsoft.com/developer/msbuild/2003">
  <ItemGroup>
    <Filter Include="Source Files">
      <UniqueIdentifier>{4FC737F1-C7A5-4376-A066-2A32D752A2FF}</UniqueIdentifier>
      <Extensions>cpp;c;cc;cxx;def;odl;idl;hpj;bat;asm;asmx</Extensions>
    </Filter>
    <Filter Include="Header Files">
      <UniqueIdentifier>{93995380-89BD-4b04-88EB-625FBE52EBFB}</UniqueIdentifier>
      <Extensions>h;hpp;hxx;hm;inl;inc;xsd</Extensions>
    </Filter>
    <Filter Include="Resource Files">
      <UniqueIdentifier>{67DA6AB6-F800-4c08-8B7A-83BB121AAD01}</UniqueIdentifier>
      <Extensions>rc;ico;cur;bmp;dlg;rc2;rct;bin;rgs;gif;jpg;jpeg;jpe;resx;tiff;tif;png;wav</Extensions>
    </Filter>
    <Filter Include="Source Files\TPS">
      <UniqueIdentifier>{698ae401-15ff-4379-9349-21e61ca40080}</UniqueIdentifier>
    </Filter>
    <Filter Include="Source Files\TPS\TP8">
      <UniqueIdentifier>{146d25f5-8832-4ed2-8a15-3e7b56c43082}</UniqueIdentifier>
    </Filter>
    <Filter Include="Source Files\PNG">
      <UniqueIdentifier>{d17a7cca-ef22-498f-82a1-f098a6149635}</UniqueIdentifier>
    </Filter>
    <Filter Include="Source Files\PNG\Png">
      <UniqueIdentifier>{23cfc4d4-d86b-4b0d-9ede-a4780a1625c5}</UniqueIdentifier>
    </Filter>
  </ItemGroup>
  <ItemGroup>
    <Library Include="..\..\Lib\glut32.ms.lib" />
  </ItemGroup>
  <ItemGroup>
    <ClCompile Include="Dir3D.cpp">
      <Filter>Source Files\TPS\TP8</Filter>
    </ClCompile>
    <ClCompile Include="TG3D.cpp">
      <Filter>Source Files\TPS\TP8</Filter>
    </ClCompile>
    <ClCompile Include="Tr3d.cpp">
      <Filter>Source Files\TPS\TP8</Filter>
    </ClCompile>
    <ClCompile Include="Rt3d.cpp">
      <Filter>Source Files\TPS\TP8</Filter>
    </ClCompile>
    <ClCompile Include="..\..\Src\Exemple.cpp">
      <Filter>Source Files\TPS</Filter>
    </ClCompile>
    <ClCompile Include="ParametrageMaterielEtLumieres.cpp">
      <Filter>Source Files\TPS</Filter>
    </ClCompile>
    <ClCompile Include="PlacageTexture.cpp">
      <Filter>Source Files\TPS</Filter>
    </ClCompile>
    <ClCompile Include="TD2.cpp">
      <Filter>Source Files\TPS</Filter>
    </ClCompile>
    <ClCompile Include="..\..\..\TP2.cpp">
      <Filter>Source Files\TPS</Filter>
    </ClCompile>
    <ClCompile Include="TP3.cpp">
      <Filter>Source Files\TPS</Filter>
    </ClCompile>
    <ClCompile Include="TP4.cpp">
      <Filter>Source Files\TPS</Filter>
    </ClCompile>
    <ClCompile Include="TP7.cpp">
      <Filter>Source Files\TPS</Filter>
    </ClCompile>
    <ClCompile Include="Circuit.cpp">
      <Filter>Source Files</Filter>
    </ClCompile>
    <ClCompile Include="..\..\..\..\..\..\Desktop\virtual_trackball.cpp">
      <Filter>Source Files</Filter>
    </ClCompile>
    <ClCompile Include="DeuxFenetres.cpp">
      <Filter>Source Files\TPS</Filter>
    </ClCompile>
    <ClCompile Include="TestMemoire.cpp">
      <Filter>Source Files\TPS</Filter>
    </ClCompile>
    <ClCompile Include="..\..\Src\PNG\ChargePngFile.cpp">
      <Filter>Source Files\PNG</Filter>
    </ClCompile>
    <ClCompile Include="..\..\Src\PNG\Espace3UC.cpp">
      <Filter>Source Files\PNG</Filter>
    </ClCompile>
    <ClCompile Include="..\..\Src\PNG\Image.cpp">
      <Filter>Source Files\PNG</Filter>
    </ClCompile>
    <ClCompile Include="..\..\Src\PNG\ImageUtils.cpp">
      <Filter>Source Files\PNG</Filter>
    </ClCompile>
    <ClCompile Include="..\..\Src\PNG\PngFile.cpp">
      <Filter>Source Files\PNG</Filter>
    </ClCompile>
    <ClCompile Include="..\..\Src\PNG\Png\inflate.c">
      <Filter>Source Files\PNG\Png</Filter>
    </ClCompile>
    <ClCompile Include="..\..\Src\PNG\Png\inftrees.c">
      <Filter>Source Files\PNG\Png</Filter>
    </ClCompile>
    <ClCompile Include="..\..\Src\PNG\Png\png.c">
      <Filter>Source Files\PNG\Png</Filter>
    </ClCompile>
    <ClCompile Include="..\..\Src\PNG\Png\pngerror.c">
      <Filter>Source Files\PNG\Png</Filter>
    </ClCompile>
    <ClCompile Include="..\..\Src\PNG\Png\pngget.c">
      <Filter>Source Files\PNG\Png</Filter>
    </ClCompile>
    <ClCompile Include="..\..\Src\PNG\Png\pngmem.c">
      <Filter>Source Files\PNG\Png</Filter>
    </ClCompile>
    <ClCompile Include="..\..\Src\PNG\Png\pngpread.c">
      <Filter>Source Files\PNG\Png</Filter>
    </ClCompile>
    <ClCompile Include="..\..\Src\PNG\Png\pngread.c">
      <Filter>Source Files\PNG\Png</Filter>
    </ClCompile>
    <ClCompile Include="..\..\Src\PNG\Png\pngrio.c">
      <Filter>Source Files\PNG\Png</Filter>
    </ClCompile>
    <ClCompile Include="..\..\Src\PNG\Png\pngrtran.c">
      <Filter>Source Files\PNG\Png</Filter>
    </ClCompile>
    <ClCompile Include="..\..\Src\PNG\Png\pngrutil.c">
      <Filter>Source Files\PNG\Png</Filter>
    </ClCompile>
    <ClCompile Include="..\..\Src\PNG\Png\pngset.c">
      <Filter>Source Files\PNG\Png</Filter>
    </ClCompile>
    <ClCompile Include="..\..\Src\PNG\Png\pngtrans.c">
      <Filter>Source Files\PNG\Png</Filter>
    </ClCompile>
    <ClCompile Include="..\..\Src\PNG\Png\pngwio.c">
      <Filter>Source Files\PNG\Png</Filter>
    </ClCompile>
    <ClCompile Include="..\..\Src\PNG\Png\pngwrite.c">
      <Filter>Source Files\PNG\Png</Filter>
    </ClCompile>
    <ClCompile Include="..\..\Src\PNG\Png\pngwtran.c">
      <Filter>Source Files\PNG\Png</Filter>
    </ClCompile>
    <ClCompile Include="..\..\Src\PNG\Png\pngwutil.c">
      <Filter>Source Files\PNG\Png</Filter>
    </ClCompile>
    <ClCompile Include="..\..\Src\PNG\Png\trees.c">
      <Filter>Source Files\PNG\Png</Filter>
    </ClCompile>
    <ClCompile Include="..\..\Src\PNG\Png\uncompr.c">
      <Filter>Source Files\PNG\Png</Filter>
    </ClCompile>
    <ClCompile Include="..\..\Src\PNG\Png\zutil.c">
      <Filter>Source Files\PNG\Png</Filter>
    </ClCompile>
    <ClCompile Include="..\..\Src\PNG\Png\adler32.c">
      <Filter>Source Files\PNG\Png</Filter>
    </ClCompile>
    <ClCompile Include="..\..\Src\PNG\Png\compress.c">
      <Filter>Source Files\PNG\Png</Filter>
    </ClCompile>
    <ClCompile Include="..\..\Src\PNG\Png\crc32.c">
      <Filter>Source Files\PNG\Png</Filter>
    </ClCompile>
    <ClCompile Include="..\..\Src\PNG\Png\deflate.c">
      <Filter>Source Files\PNG\Png</Filter>
    </ClCompile>
    <ClCompile Include="..\..\Src\PNG\Png\gzio.c">
      <Filter>Source Files\PNG\Png</Filter>
    </ClCompile>
    <ClCompile Include="..\..\Src\PNG\Png\infback.c">
      <Filter>Source Files\PNG\Png</Filter>
    </ClCompile>
    <ClCompile Include="..\..\Src\PNG\Png\inffast.c">
      <Filter>Source Files\PNG\Png</Filter>
    </ClCompile>
    <ClCompile Include="Pos3d.cpp">
      <Filter>Source Files</Filter>
    </ClCompile>
    <ClCompile Include="CH3D.cpp">
      <Filter>Source Files</Filter>
    </ClCompile>
    <ClCompile Include="Balle.cpp">
      <Filter>Source Files</Filter>
    </ClCompile>
  </ItemGroup>
  <ItemGroup>
    <ClInclude Include="TG3D.h">
      <Filter>Source Files\TPS\TP8</Filter>
    </ClInclude>
    <ClInclude Include="Dir3D.h">
      <Filter>Source Files\TPS\TP8</Filter>
    </ClInclude>
    <ClInclude Include="Tr3d.h">
      <Filter>Source Files\TPS\TP8</Filter>
    </ClInclude>
    <ClInclude Include="Rt3D.h">
      <Filter>Source Files\TPS\TP8</Filter>
    </ClInclude>
    <ClInclude Include="..\..\Src\PNG\ChargePngFile.h">
      <Filter>Source Files\PNG</Filter>
    </ClInclude>
    <ClInclude Include="..\..\Src\PNG\Espace3UC.h">
      <Filter>Source Files\PNG</Filter>
    </ClInclude>
    <ClInclude Include="..\..\Src\PNG\Image.h">
      <Filter>Source Files\PNG</Filter>
    </ClInclude>
    <ClInclude Include="..\..\Src\PNG\ImageUtils.h">
      <Filter>Source Files\PNG</Filter>
    </ClInclude>
    <ClInclude Include="..\..\Src\PNG\PngFile.h">
      <Filter>Source Files\PNG</Filter>
    </ClInclude>
    <ClInclude Include="..\..\Src\PNG\Png\inffixed.h">
      <Filter>Source Files\PNG\Png</Filter>
    </ClInclude>
    <ClInclude Include="..\..\Src\PNG\Png\inflate.h">
      <Filter>Source Files\PNG\Png</Filter>
    </ClInclude>
    <ClInclude Include="..\..\Src\PNG\Png\inftrees.h">
      <Filter>Source Files\PNG\Png</Filter>
    </ClInclude>
    <ClInclude Include="..\..\Src\PNG\Png\png.h">
      <Filter>Source Files\PNG\Png</Filter>
    </ClInclude>
    <ClInclude Include="..\..\Src\PNG\Png\pngconf.h">
      <Filter>Source Files\PNG\Png</Filter>
    </ClInclude>
    <ClInclude Include="..\..\Src\PNG\Png\trees.h">
      <Filter>Source Files\PNG\Png</Filter>
    </ClInclude>
    <ClInclude Include="..\..\Src\PNG\Png\zconf.h">
      <Filter>Source Files\PNG\Png</Filter>
    </ClInclude>
    <ClInclude Include="..\..\Src\PNG\Png\zconf.in.h">
      <Filter>Source Files\PNG\Png</Filter>
    </ClInclude>
    <ClInclude Include="..\..\Src\PNG\Png\zlib.h">
      <Filter>Source Files\PNG\Png</Filter>
    </ClInclude>
    <ClInclude Include="..\..\Src\PNG\Png\zutil.h">
      <Filter>Source Files\PNG\Png</Filter>
    </ClInclude>
    <ClInclude Include="..\..\Src\PNG\Png\cexcept.h">
      <Filter>Source Files\PNG\Png</Filter>
    </ClInclude>
    <ClInclude Include="..\..\Src\PNG\Png\crc32.h">
      <Filter>Source Files\PNG\Png</Filter>
    </ClInclude>
    <ClInclude Include="..\..\Src\PNG\Png\deflate.h">
      <Filter>Source Files\PNG\Png</Filter>
    </ClInclude>
    <ClInclude Include="..\..\Src\PNG\Png\inffast.h">
      <Filter>Source Files\PNG\Png</Filter>
    </ClInclude>
    <ClInclude Include="CH3D.h">
      <Filter>Header Files</Filter>
    </ClInclude>
    <ClInclude Include="Pos3d.h">
      <Filter>Header Files</Filter>
    </ClInclude>
    <ClInclude Include="Balle.h">
      <Filter>Header Files</Filter>
    </ClInclude>
  </ItemGroup>
</Project>